NeoBundleLock Gist.vim 7f279e51590494a9b6af1180770e0b5f46d3a13b
NeoBundleLock The-NERD-Commenter 49ad4597dd8ed8ecb210ba9cbc9f42a5f47adb35
NeoBundleLock lightline.vim 616837f44e4606257f134e6cf3f9cd4e8098019a
NeoBundleLock neobundle.vim 34bf2ca4f8184cd85b3fa017ac6de9496872515e
NeoBundleLock neocomplete.vim 876f88ee9d1b49f3b5826f2d386cdd8a095a977a
NeoBundleLock nerdtree dd754c7bc64f8802ab6ff660776e1dee0e0e2761
NeoBundleLock ref.vim 1245567f6c12600767e417190c57c43b4207de62
NeoBundleLock sudo.vim 060f0250d6f399d1cf9b15eaad3d55b3fbad4b0d
NeoBundleLock unite.vim d6e85065730554f4058f71e9dc58be15aabe0810
NeoBundleLock vimproc.vim c809cb15f04f2ae62cb345365d2e76665294623b
